
Microsoft Visual Studio Solution File, Format Version 12.00
Project("{2150E333-8FDC-42A3-9474-1A3956D46DE8}") = "DataProviders", "DataProviders", "{6E1BB56A-EE8F-46FB-8513-393CDA8DA202}"
EndProject
Project("{2150E333-8FDC-42A3-9474-1A3956D46DE8}") = "Domain", "Domain", "{46C493B7-F48D-479E-AF83-86D12E3C4ACA}"
EndProject
Project("{2150E333-8FDC-42A3-9474-1A3956D46DE8}") = "EntryPoints", "EntryPoints", "{C936BD52-6926-4543-A30A-305DC6BA9FF5}"
EndProject
Project("{2150E333-8FDC-42A3-9474-1A3956D46DE8}") = "UnitTests", "UnitTests", "{7348ED49-58DB-4DCE-AC45-EAEDD76F5F5A}"
EndProject
Project("{FAE04EC0-301F-11D3-BF4B-00C04F79EFBC}") = "UniversiteDomain", "UniversiteDomain\UniversiteDomain.csproj", "{C925608B-0555-4144-B8D1-2231A752AD79}"
EndProject
Global
	GlobalSection(SolutionConfigurationPlatforms) = preSolution
		Debug|Any CPU = Debug|Any CPU
		Release|Any CPU = Release|Any CPU
	EndGlobalSection
	GlobalSection(NestedProjects) = preSolution
		{C925608B-0555-4144-B8D1-2231A752AD79} = {46C493B7-F48D-479E-AF83-86D12E3C4ACA}
	EndGlobalSection
	GlobalSection(ProjectConfigurationPlatforms) = postSolution
		{C925608B-0555-4144-B8D1-2231A752AD79}.Debug|Any CPU.ActiveCfg = Debug|Any CPU
		{C925608B-0555-4144-B8D1-2231A752AD79}.Debug|Any CPU.Build.0 = Debug|Any CPU
		{C925608B-0555-4144-B8D1-2231A752AD79}.Release|Any CPU.ActiveCfg = Release|Any CPU
		{C925608B-0555-4144-B8D1-2231A752AD79}.Release|Any CPU.Build.0 = Release|Any CPU
	EndGlobalSection
EndGlobal
